
Microsoft Visual Studio Solution File, Format Version 12.00
# Visual Studio Version 16
VisualStudioVersion = 16.0.32407.337
MinimumVisualStudioVersion = 10.0.40219.1
Project("{FAE04EC0-301F-11D3-BF4B-00C04F79EFBC}") = "ContactManager", "ContactManager\ContactManager.csproj", "{7B450706-C759-4BF6-897F-8E9FDA098543}"
EndProject
Global
	GlobalSection(SolutionConfigurationPlatforms) = preSolution
		Debug|Any CPU = Debug|Any CPU
		Release|Any CPU = Release|Any CPU
	EndGlobalSection
	GlobalSection(ProjectConfigurationPlatforms) = postSolution
		{7B450706-C759-4BF6-897F-8E9FDA098543}.Debug|Any CPU.ActiveCfg = Debug|Any CPU
		{7B450706-C759-4BF6-897F-8E9FDA098543}.Debug|Any CPU.Build.0 = Debug|Any CPU
		{7B450706-C759-4BF6-897F-8E9FDA098543}.Release|Any CPU.ActiveCfg = Release|Any CPU
		{7B450706-C759-4BF6-897F-8E9FDA098543}.Release|Any CPU.Build.0 = Release|Any CPU
	EndGlobalSection
	GlobalSection(SolutionProperties) = preSolution
		HideSolutionNode = FALSE
	EndGlobalSection
	GlobalSection(ExtensibilityGlobals) = postSolution
		SolutionGuid = {854A552E-EF09-4085-88AB-575CA2081F5C}
	EndGlobalSection
EndGlobal
